// !$*UTF8*$!
{
	archiveVersion = 1;
	classes = {
	};
	objectVersion = 56;
	objects = {

/* Begin PBXBuildFile section */
		2C1A5C022B6103D200B2DCCD /* AppDelegate.swift in Sources */ = {isa = PBXBuildFile; fileRef = 2C1A5C012B6103D200B2DCCD /* AppDelegate.swift */; };
		2C1A5C042B6103D200B2DCCD /* SceneDelegate.swift in Sources */ = {isa = PBXBuildFile; fileRef = 2C1A5C032B6103D200B2DCCD /* SceneDelegate.swift */; };
		2C1A5C0B2B6103D200B2DCCD /* Assets.xcassets in Resources */ = {isa = PBXBuildFile; fileRef = 2C1A5C0A2B6103D200B2DCCD /* Assets.xcassets */; };
		2C1A5C0E2B6103D200B2DCCD /* LaunchScreen.storyboard in Resources */ = {isa = PBXBuildFile; fileRef = 2C1A5C0C2B6103D200B2DCCD /* LaunchScreen.storyboard */; };
		2C1A5C172B61040600B2DCCD /* TableViewController.swift in Sources */ = {isa = PBXBuildFile; fileRef = 2C1A5C152B61040600B2DCCD /* TableViewController.swift */; };
		2C1A5C182B61040600B2DCCD /* TableViewController.xib in Resources */ = {isa = PBXBuildFile; fileRef = 2C1A5C162B61040600B2DCCD /* TableViewController.xib */; };
		2C1A5C202B6106E900B2DCCD /* TableViewModel.swift in Sources */ = {isa = PBXBuildFile; fileRef = 2C1A5C1F2B6106E900B2DCCD /* TableViewModel.swift */; };
		2C1A5C242B61092300B2DCCD /* TableViewCell.swift in Sources */ = {isa = PBXBuildFile; fileRef = 2C1A5C222B61092300B2DCCD /* TableViewCell.swift */; };
		2C1A5C252B61092300B2DCCD /* TableViewCell.xib in Resources */ = {isa = PBXBuildFile; fileRef = 2C1A5C232B61092300B2DCCD /* TableViewCell.xib */; };
		2C1A5C292B610EF000B2DCCD /* DetailViewController.swift in Sources */ = {isa = PBXBuildFile; fileRef = 2C1A5C272B610EF000B2DCCD /* DetailViewController.swift */; };
		2C1A5C2A2B610EF000B2DCCD /* DetailViewController.xib in Resources */ = {isa = PBXBuildFile; fileRef = 2C1A5C282B610EF000B2DCCD /* DetailViewController.xib */; };
		2C1A5C2F2B610F1300B2DCCD /* DetailViewModel.swift in Sources */ = {isa = PBXBuildFile; fileRef = 2C1A5C2E2B610F1300B2DCCD /* DetailViewModel.swift */; };
		2C2A7D512B6908A3007DB799 /* TableViewDataManager.swift in Sources */ = {isa = PBXBuildFile; fileRef = 2C2A7D502B6908A3007DB799 /* TableViewDataManager.swift */; };
		2C2A7D542B6909DC007DB799 /* TableViewWireframe.swift in Sources */ = {isa = PBXBuildFile; fileRef = 2C2A7D532B6909DC007DB799 /* TableViewWireframe.swift */; };
		2C2A7D562B690CD6007DB799 /* DetailViewWireframe.swift in Sources */ = {isa = PBXBuildFile; fileRef = 2C2A7D552B690CD6007DB799 /* DetailViewWireframe.swift */; };
		2C4CF3DF2B68E760008F2314 /* CountryModel.swift in Sources */ = {isa = PBXBuildFile; fileRef = 2C4CF3DE2B68E760008F2314 /* CountryModel.swift */; };
/* End PBXBuildFile section */

/* Begin PBXFileReference section */
		2C1A5BFE2B6103D200B2DCCD /* CountryMapInsight.app */ = {isa = PBXFileReference; explicitFileType = wrapper.application; includeInIndex = 0; path = CountryMapInsight.app; sourceTree = BUILT_PRODUCTS_DIR; };
		2C1A5C012B6103D200B2DCCD /* AppDelegate.swift */ = {isa = PBXFileReference; lastKnownFileType = sourcecode.swift; path = AppDelegate.swift; sourceTree = "<group>"; };
		2C1A5C032B6103D200B2DCCD /* SceneDelegate.swift */ = {isa = PBXFileReference; lastKnownFileType = sourcecode.swift; path = SceneDelegate.swift; sourceTree = "<group>"; };
		2C1A5C0A2B6103D200B2DCCD /* Assets.xcassets */ = {isa = PBXFileReference; lastKnownFileType = folder.assetcatalog; path = Assets.xcassets; sourceTree = "<group>"; };
		2C1A5C0D2B6103D200B2DCCD /* Base */ = {isa = PBXFileReference; lastKnownFileType = file.storyboard; name = Base; path = Base.lproj/LaunchScreen.storyboard; sourceTree = "<group>"; };
		2C1A5C0F2B6103D200B2DCCD /* Info.plist */ = {isa = PBXFileReference; lastKnownFileType = text.plist.xml; path = Info.plist; sourceTree = "<group>"; };
		2C1A5C152B61040600B2DCCD /* TableViewController.swift */ = {isa = PBXFileReference; lastKnownFileType = sourcecode.swift; path = TableViewController.swift; sourceTree = "<group>"; };
		2C1A5C162B61040600B2DCCD /* TableViewController.xib */ = {isa = PBXFileReference; lastKnownFileType = file.xib; path = TableViewController.xib; sourceTree = "<group>"; };
		2C1A5C1F2B6106E900B2DCCD /* TableViewModel.swift */ = {isa = PBXFileReference; lastKnownFileType = sourcecode.swift; path = TableViewModel.swift; sourceTree = "<group>"; };
		2C1A5C222B61092300B2DCCD /* TableViewCell.swift */ = {isa = PBXFileReference; lastKnownFileType = sourcecode.swift; path = TableViewCell.swift; sourceTree = "<group>"; };
		2C1A5C232B61092300B2DCCD /* TableViewCell.xib */ = {isa = PBXFileReference; lastKnownFileType = file.xib; path = TableViewCell.xib; sourceTree = "<group>"; };
		2C1A5C272B610EF000B2DCCD /* DetailViewController.swift */ = {isa = PBXFileReference; lastKnownFileType = sourcecode.swift; path = DetailViewController.swift; sourceTree = "<group>"; };
		2C1A5C282B610EF000B2DCCD /* DetailViewController.xib */ = {isa = PBXFileReference; lastKnownFileType = file.xib; path = DetailViewController.xib; sourceTree = "<group>"; };
		2C1A5C2E2B610F1300B2DCCD /* DetailViewModel.swift */ = {isa = PBXFileReference; lastKnownFileType = sourcecode.swift; path = DetailViewModel.swift; sourceTree = "<group>"; };
		2C2A7D502B6908A3007DB799 /* TableViewDataManager.swift */ = {isa = PBXFileReference; lastKnownFileType = sourcecode.swift; path = TableViewDataManager.swift; sourceTree = "<group>"; };
		2C2A7D532B6909DC007DB799 /* TableViewWireframe.swift */ = {isa = PBXFileReference; lastKnownFileType = sourcecode.swift; path = TableViewWireframe.swift; sourceTree = "<group>"; };
		2C2A7D552B690CD6007DB799 /* DetailViewWireframe.swift */ = {isa = PBXFileReference; lastKnownFileType = sourcecode.swift; path = DetailViewWireframe.swift; sourceTree = "<group>"; };
		2C4CF3DE2B68E760008F2314 /* CountryModel.swift */ = {isa = PBXFileReference; lastKnownFileType = sourcecode.swift; path = CountryModel.swift; sourceTree = "<group>"; };
/* End PBXFileReference section */

/* Begin PBXFrameworksBuildPhase section */
		2C1A5BFB2B6103D200B2DCCD /* Frameworks */ = {
			isa = PBXFrameworksBuildPhase;
			buildActionMask = 2147483647;
			files = (
			);
			runOnlyForDeploymentPostprocessing = 0;
		};
/* End PBXFrameworksBuildPhase section */

/* Begin PBXGroup section */
		2C1A5BF52B6103D200B2DCCD = {
			isa = PBXGroup;
			children = (
				2C1A5C002B6103D200B2DCCD /* CountryMapInsight */,
				2C1A5BFF2B6103D200B2DCCD /* Products */,
			);
			sourceTree = "<group>";
		};
		2C1A5BFF2B6103D200B2DCCD /* Products */ = {
			isa = PBXGroup;
			children = (
				2C1A5BFE2B6103D200B2DCCD /* CountryMapInsight.app */,
			);
			name = Products;
			sourceTree = "<group>";
		};
		2C1A5C002B6103D200B2DCCD /* CountryMapInsight */ = {
			isa = PBXGroup;
			children = (
				2C1A5C192B61057700B2DCCD /* App */,
				2C4CF3DC2B68E728008F2314 /* Model */,
				2C4CF3DD2B68E72E008F2314 /* UI */,
				2C1A5C0A2B6103D200B2DCCD /* Assets.xcassets */,
				2C1A5C0F2B6103D200B2DCCD /* Info.plist */,
			);
			path = CountryMapInsight;
			sourceTree = "<group>";
		};
		2C1A5C192B61057700B2DCCD /* App */ = {
			isa = PBXGroup;
			children = (
				2C1A5C012B6103D200B2DCCD /* AppDelegate.swift */,
				2C1A5C032B6103D200B2DCCD /* SceneDelegate.swift */,
			);
			path = App;
			sourceTree = "<group>";
		};
		2C1A5C1A2B61059800B2DCCD /* LaunchScreen */ = {
			isa = PBXGroup;
			children = (
				2C1A5C0C2B6103D200B2DCCD /* LaunchScreen.storyboard */,
			);
			path = LaunchScreen;
			sourceTree = "<group>";
		};
		2C1A5C1B2B6105A800B2DCCD /* TableView */ = {
			isa = PBXGroup;
			children = (
				2C1A5C212B6108EE00B2DCCD /* Cell */,
				2C1A5C152B61040600B2DCCD /* TableViewController.swift */,
				2C1A5C162B61040600B2DCCD /* TableViewController.xib */,
				2C1A5C1F2B6106E900B2DCCD /* TableViewModel.swift */,
				2C2A7D502B6908A3007DB799 /* TableViewDataManager.swift */,
				2C2A7D532B6909DC007DB799 /* TableViewWireframe.swift */,
			);
			path = TableView;
			sourceTree = "<group>";
		};
		2C1A5C212B6108EE00B2DCCD /* Cell */ = {
			isa = PBXGroup;
			children = (
				2C1A5C232B61092300B2DCCD /* TableViewCell.xib */,
				2C1A5C222B61092300B2DCCD /* TableViewCell.swift */,
			);
			path = Cell;
			sourceTree = "<group>";
		};
		2C1A5C262B610ED300B2DCCD /* DetailView */ = {
			isa = PBXGroup;
			children = (
				2C1A5C282B610EF000B2DCCD /* DetailViewController.xib */,
				2C1A5C272B610EF000B2DCCD /* DetailViewController.swift */,
				2C1A5C2E2B610F1300B2DCCD /* DetailViewModel.swift */,
				2C2A7D552B690CD6007DB799 /* DetailViewWireframe.swift */,
			);
			path = DetailView;
			sourceTree = "<group>";
		};
		2C4CF3DC2B68E728008F2314 /* Model */ = {
			isa = PBXGroup;
			children = (
				2C4CF3DE2B68E760008F2314 /* CountryModel.swift */,
			);
			path = Model;
			sourceTree = "<group>";
		};
		2C4CF3DD2B68E72E008F2314 /* UI */ = {
			isa = PBXGroup;
			children = (
				2C1A5C1A2B61059800B2DCCD /* LaunchScreen */,
				2C1A5C1B2B6105A800B2DCCD /* TableView */,
				2C1A5C262B610ED300B2DCCD /* DetailView */,
			);
			path = UI;
			sourceTree = "<group>";
		};
/* End PBXGroup section */

/* Begin PBXNativeTarget section */
		2C1A5BFD2B6103D200B2DCCD /* CountryMapInsight */ = {
			isa = PBXNativeTarget;
			buildConfigurationList = 2C1A5C122B6103D200B2DCCD /* Build configuration list for PBXNativeTarget "CountryMapInsight" */;
			buildPhases = (
				2C1A5BFA2B6103D200B2DCCD /* Sources */,
				2C1A5BFB2B6103D200B2DCCD /* Frameworks */,
				2C1A5BFC2B6103D200B2DCCD /* Resources */,
			);
			buildRules = (
			);
			dependencies = (
			);
			name = CountryMapInsight;
			productName = CountryMapInsight;
			productReference = 2C1A5BFE2B6103D200B2DCCD /* CountryMapInsight.app */;
			productType = "com.apple.product-type.application";
		};
/* End PBXNativeTarget section */

/* Begin PBXProject section */
		2C1A5BF62B6103D200B2DCCD /* Project object */ = {
			isa = PBXProject;
			attributes = {
				BuildIndependentTargetsInParallel = 1;
				LastSwiftUpdateCheck = 1520;
				LastUpgradeCheck = 1520;
				TargetAttributes = {
					2C1A5BFD2B6103D200B2DCCD = {
						CreatedOnToolsVersion = 15.2;
					};
				};
			};
			buildConfigurationList = 2C1A5BF92B6103D200B2DCCD /* Build configuration list for PBXProject "CountryMapInsight" */;
			compatibilityVersion = "Xcode 14.0";
			developmentRegion = en;
			hasScannedForEncodings = 0;
			knownRegions = (
				en,
				Base,
			);
			mainGroup = 2C1A5BF52B6103D200B2DCCD;
			productRefGroup = 2C1A5BFF2B6103D200B2DCCD /* Products */;
			projectDirPath = "";
			projectRoot = "";
			targets = (
				2C1A5BFD2B6103D200B2DCCD /* CountryMapInsight */,
			);
		};
/* End PBXProject section */

/* Begin PBXResourcesBuildPhase section */
		2C1A5BFC2B6103D200B2DCCD /* Resources */ = {
			isa = PBXResourcesBuildPhase;
			buildActionMask = 2147483647;
			files = (
				2C1A5C0E2B6103D200B2DCCD /* LaunchScreen.storyboard in Resources */,
				2C1A5C252B61092300B2DCCD /* TableViewCell.xib in Resources */,
				2C1A5C2A2B610EF000B2DCCD /* DetailViewController.xib in Resources */,
				2C1A5C0B2B6103D200B2DCCD /* Assets.xcassets in Resources */,
				2C1A5C182B61040600B2DCCD /* TableViewController.xib in Resources */,
			);
			runOnlyForDeploymentPostprocessing = 0;
		};
/* End PBXResourcesBuildPhase section */

/* Begin PBXSourcesBuildPhase section */
		2C1A5BFA2B6103D200B2DCCD /* Sources */ = {
			isa = PBXSourcesBuildPhase;
			buildActionMask = 2147483647;
			files = (
				2C1A5C242B61092300B2DCCD /* TableViewCell.swift in Sources */,
				2C1A5C022B6103D200B2DCCD /* AppDelegate.swift in Sources */,
				2C4CF3DF2B68E760008F2314 /* CountryModel.swift in Sources */,
				2C2A7D562B690CD6007DB799 /* DetailViewWireframe.swift in Sources */,
				2C1A5C2F2B610F1300B2DCCD /* DetailViewModel.swift in Sources */,
				2C1A5C042B6103D200B2DCCD /* SceneDelegate.swift in Sources */,
				2C1A5C292B610EF000B2DCCD /* DetailViewController.swift in Sources */,
				2C2A7D542B6909DC007DB799 /* TableViewWireframe.swift in Sources */,
				2C1A5C172B61040600B2DCCD /* TableViewController.swift in Sources */,
				2C2A7D512B6908A3007DB799 /* TableViewDataManager.swift in Sources */,
				2C1A5C202B6106E900B2DCCD /* TableViewModel.swift in Sources */,
			);
			runOnlyForDeploymentPostprocessing = 0;
		};
/* End PBXSourcesBuildPhase section */

/* Begin PBXVariantGroup section */
		2C1A5C0C2B6103D200B2DCCD /* LaunchScreen.storyboard */ = {
			isa = PBXVariantGroup;
			children = (
				2C1A5C0D2B6103D200B2DCCD /* Base */,
			);
			name = LaunchScreen.storyboard;
			sourceTree = "<group>";
		};
/* End PBXVariantGroup section */

/* Begin XCBuildConfiguration section */
		2C1A5C102B6103D200B2DCCD /* Debug */ = {
			isa = XCBuildConfiguration;
			buildSettings = {
				ALWAYS_SEARCH_USER_PATHS = NO;
				ASSETCATALOG_COMPILER_GENERATE_SWIFT_ASSET_SYMBOL_EXTENSIONS = YES;
				CLANG_ANALYZER_NONNULL = YES;
				CLANG_ANALYZER_NUMBER_OBJECT_CONVERSION = YES_AGGRESSIVE;
				CLANG_CXX_LANGUAGE_STANDARD = "gnu++20";
				CLANG_ENABLE_MODULES = YES;
				CLANG_ENABLE_OBJC_ARC = YES;
				CLANG_ENABLE_OBJC_WEAK = YES;
				CLANG_WARN_BLOCK_CAPTURE_AUTORELEASING = YES;
				CLANG_WARN_BOOL_CONVERSION = YES;
				CLANG_WARN_COMMA = YES;
				CLANG_WARN_CONSTANT_CONVERSION = YES;
				CLANG_WARN_DEPRECATED_OBJC_IMPLEMENTATIONS = YES;
				CLANG_WARN_DIRECT_OBJC_ISA_USAGE = YES_ERROR;
				CLANG_WARN_DOCUMENTATION_COMMENTS = YES;
				CLANG_WARN_EMPTY_BODY = YES;
				CLANG_WARN_ENUM_CONVERSION = YES;
				CLANG_WARN_INFINITE_RECURSION = YES;
				CLANG_WARN_INT_CONVERSION = YES;
				CLANG_WARN_NON_LITERAL_NULL_CONVERSION = YES;
				CLANG_WARN_OBJC_IMPLICIT_RETAIN_SELF = YES;
				CLANG_WARN_OBJC_LITERAL_CONVERSION = YES;
				CLANG_WARN_OBJC_ROOT_CLASS = YES_ERROR;
				CLANG_WARN_QUOTED_INCLUDE_IN_FRAMEWORK_HEADER = YES;
				CLANG_WARN_RANGE_LOOP_ANALYSIS = YES;
				CLANG_WARN_STRICT_PROTOTYPES = YES;
				CLANG_WARN_SUSPICIOUS_MOVE = YES;
				CLANG_WARN_UNGUARDED_AVAILABILITY = YES_AGGRESSIVE;
				CLANG_WARN_UNREACHABLE_CODE = YES;
				CLANG_WARN__DUPLICATE_METHOD_MATCH = YES;
				COPY_PHASE_STRIP = NO;
				DEBUG_INFORMATION_FORMAT = dwarf;
				ENABLE_STRICT_OBJC_MSGSEND = YES;
				ENABLE_TESTABILITY = YES;
				ENABLE_USER_SCRIPT_SANDBOXING = YES;
				GCC_C_LANGUAGE_STANDARD = gnu17;
				GCC_DYNAMIC_NO_PIC = NO;
				GCC_NO_COMMON_BLOCKS = YES;
				GCC_OPTIMIZATION_LEVEL = 0;
				GCC_PREPROCESSOR_DEFINITIONS = (
					"DEBUG=1",
					"$(inherited)",
				);
				GCC_WARN_64_TO_32_BIT_CONVERSION = YES;
				GCC_WARN_ABOUT_RETURN_TYPE = YES_ERROR;
				GCC_WARN_UNDECLARED_SELECTOR = YES;
				GCC_WARN_UNINITIALIZED_AUTOS = YES_AGGRESSIVE;
				GCC_WARN_UNUSED_FUNCTION = YES;
				GCC_WARN_UNUSED_VARIABLE = YES;
				IPHONEOS_DEPLOYMENT_TARGET = 17.2;
				LOCALIZATION_PREFERS_STRING_CATALOGS = YES;
				MTL_ENABLE_DEBUG_INFO = INCLUDE_SOURCE;
				MTL_FAST_MATH = YES;
				ONLY_ACTIVE_ARCH = YES;
				SDKROOT = iphoneos;
				SWIFT_ACTIVE_COMPILATION_CONDITIONS = "DEBUG $(inherited)";
				SWIFT_OPTIMIZATION_LEVEL = "-Onone";
			};
			name = Debug;
		};
		2C1A5C112B6103D200B2DCCD /* Release */ = {
			isa = XCBuildConfiguration;
			buildSettings = {
				ALWAYS_SEARCH_USER_PATHS = NO;
				ASSETCATALOG_COMPILER_GENERATE_SWIFT_ASSET_SYMBOL_EXTENSIONS = YES;
				CLANG_ANALYZER_NONNULL = YES;
				CLANG_ANALYZER_NUMBER_OBJECT_CONVERSION = YES_AGGRESSIVE;
				CLANG_CXX_LANGUAGE_STANDARD = "gnu++20";
				CLANG_ENABLE_MODULES = YES;
				CLANG_ENABLE_OBJC_ARC = YES;
				CLANG_ENABLE_OBJC_WEAK = YES;
				CLANG_WARN_BLOCK_CAPTURE_AUTORELEASING = YES;
				CLANG_WARN_BOOL_CONVERSION = YES;
				CLANG_WARN_COMMA = YES;
				CLANG_WARN_CONSTANT_CONVERSION = YES;
				CLANG_WARN_DEPRECATED_OBJC_IMPLEMENTATIONS = YES;
				CLANG_WARN_DIRECT_OBJC_ISA_USAGE = YES_ERROR;
				CLANG_WARN_DOCUMENTATION_COMMENTS = YES;
				CLANG_WARN_EMPTY_BODY = YES;
				CLANG_WARN_ENUM_CONVERSION = YES;
				CLANG_WARN_INFINITE_RECURSION = YES;
				CLANG_WARN_INT_CONVERSION = YES;
				CLANG_WARN_NON_LITERAL_NULL_CONVERSION = YES;
				CLANG_WARN_OBJC_IMPLICIT_RETAIN_SELF = YES;
				CLANG_WARN_OBJC_LITERAL_CONVERSION = YES;
				CLANG_WARN_OBJC_ROOT_CLASS = YES_ERROR;
				CLANG_WARN_QUOTED_INCLUDE_IN_FRAMEWORK_HEADER = YES;
				CLANG_WARN_RANGE_LOOP_ANALYSIS = YES;
				CLANG_WARN_STRICT_PROTOTYPES = YES;
				CLANG_WARN_SUSPICIOUS_MOVE = YES;
				CLANG_WARN_UNGUARDED_AVAILABILITY = YES_AGGRESSIVE;
				CLANG_WARN_UNREACHABLE_CODE = YES;
				CLANG_WARN__DUPLICATE_METHOD_MATCH = YES;
				COPY_PHASE_STRIP = NO;
				DEBUG_INFORMATION_FORMAT = "dwarf-with-dsym";
				ENABLE_NS_ASSERTIONS = NO;
				ENABLE_STRICT_OBJC_MSGSEND = YES;
				ENABLE_USER_SCRIPT_SANDBOXING = YES;
				GCC_C_LANGUAGE_STANDARD = gnu17;
				GCC_NO_COMMON_BLOCKS = YES;
				GCC_WARN_64_TO_32_BIT_CONVERSION = YES;
				GCC_WARN_ABOUT_RETURN_TYPE = YES_ERROR;
				GCC_WARN_UNDECLARED_SELECTOR = YES;
				GCC_WARN_UNINITIALIZED_AUTOS = YES_AGGRESSIVE;
				GCC_WARN_UNUSED_FUNCTION = YES;
				GCC_WARN_UNUSED_VARIABLE = YES;
				IPHONEOS_DEPLOYMENT_TARGET = 17.2;
				LOCALIZATION_PREFERS_STRING_CATALOGS = YES;
				MTL_ENABLE_DEBUG_INFO = NO;
				MTL_FAST_MATH = YES;
				SDKROOT = iphoneos;
				SWIFT_COMPILATION_MODE = wholemodule;
				VALIDATE_PRODUCT = YES;
			};
			name = Release;
		};
		2C1A5C132B6103D200B2DCCD /* Debug */ = {
			isa = XCBuildConfiguration;
			buildSettings = {
				ASSETCATALOG_COMPILER_APPICON_NAME = AppIcon;
				ASSETCATALOG_COMPILER_GLOBAL_ACCENT_COLOR_NAME = AccentColor;
				CODE_SIGN_STYLE = Automatic;
				CURRENT_PROJECT_VERSION = 1;
				GENERATE_INFOPLIST_FILE = YES;
				INFOPLIST_FILE = CountryMapInsight/Info.plist;
				INFOPLIST_KEY_UIApplicationSupportsIndirectInputEvents = YES;
				INFOPLIST_KEY_UILaunchStoryboardName = LaunchScreen;
				INFOPLIST_KEY_UISupportedInterfaceOrientations_iPad = "UIInterfaceOrientationPortrait UIInterfaceOrientationPortraitUpsideDown UIInterfaceOrientationLandscapeLeft UIInterfaceOrientationLandscapeRight";
				INFOPLIST_KEY_UISupportedInterfaceOrientations_iPhone = "UIInterfaceOrientationPortrait UIInterfaceOrientationLandscapeLeft UIInterfaceOrientationLandscapeRight";
				LD_RUNPATH_SEARCH_PATHS = (
					"$(inherited)",
					"@executable_path/Frameworks",
				);
				MARKETING_VERSION = 1.0;
				PRODUCT_BUNDLE_IDENTIFIER = com.DanielCazorro.CountryMapInsight;
				PRODUCT_NAME = "$(TARGET_NAME)";
				SWIFT_EMIT_LOC_STRINGS = YES;
				SWIFT_VERSION = 5.0;
				TARGETED_DEVICE_FAMILY = "1,2";
			};
			name = Debug;
		};
		2C1A5C142B6103D200B2DCCD /* Release */ = {
			isa = XCBuildConfiguration;
			buildSettings = {
				ASSETCATALOG_COMPILER_APPICON_NAME = AppIcon;
				ASSETCATALOG_COMPILER_GLOBAL_ACCENT_COLOR_NAME = AccentColor;
				CODE_SIGN_STYLE = Automatic;
				CURRENT_PROJECT_VERSION = 1;
				GENERATE_INFOPLIST_FILE = YES;
				INFOPLIST_FILE = CountryMapInsight/Info.plist;
				INFOPLIST_KEY_UIApplicationSupportsIndirectInputEvents = YES;
				INFOPLIST_KEY_UILaunchStoryboardName = LaunchScreen;
				INFOPLIST_KEY_UISupportedInterfaceOrientations_iPad = "UIInterfaceOrientationPortrait UIInterfaceOrientationPortraitUpsideDown UIInterfaceOrientationLandscapeLeft UIInterfaceOrientationLandscapeRight";
				INFOPLIST_KEY_UISupportedInterfaceOrientations_iPhone = "UIInterfaceOrientationPortrait UIInterfaceOrientationLandscapeLeft UIInterfaceOrientationLandscapeRight";
				LD_RUNPATH_SEARCH_PATHS = (
					"$(inherited)",
					"@executable_path/Frameworks",
				);
				MARKETING_VERSION = 1.0;
				PRODUCT_BUNDLE_IDENTIFIER = com.DanielCazorro.CountryMapInsight;
				PRODUCT_NAME = "$(TARGET_NAME)";
				SWIFT_EMIT_LOC_STRINGS = YES;
				SWIFT_VERSION = 5.0;
				TARGETED_DEVICE_FAMILY = "1,2";
			};
			name = Release;
		};
/* End XCBuildConfiguration section */

/* Begin XCConfigurationList section */
		2C1A5BF92B6103D200B2DCCD /* Build configuration list for PBXProject "CountryMapInsight" */ = {
			isa = XCConfigurationList;
			buildConfigurations = (
				2C1A5C102B6103D200B2DCCD /* Debug */,
				2C1A5C112B6103D200B2DCCD /* Release */,
			);
			defaultConfigurationIsVisible = 0;
			defaultConfigurationName = Release;
		};
		2C1A5C122B6103D200B2DCCD /* Build configuration list for PBXNativeTarget "CountryMapInsight" */ = {
			isa = XCConfigurationList;
			buildConfigurations = (
				2C1A5C132B6103D200B2DCCD /* Debug */,
				2C1A5C142B6103D200B2DCCD /* Release */,
			);
			defaultConfigurationIsVisible = 0;
			defaultConfigurationName = Release;
		};
/* End XCConfigurationList section */
	};
	rootObject = 2C1A5BF62B6103D200B2DCCD /* Project object */;
}
